
Microsoft Visual Studio Solution File, Format Version 12.00
# Visual Studio Version 16
VisualStudioVersion = 16.0.29911.84
MinimumVisualStudioVersion = 10.0.40219.1
Project("{FAE04EC0-301F-11D3-BF4B-00C04F79EFBC}") = "ProvaQuestao03", "ProvaQuestao03\ProvaQuestao03.csproj", "{B119E079-86A4-4E14-94B7-703B661BD8C2}"
EndProject
Global
	GlobalSection(SolutionConfigurationPlatforms) = preSolution
		Debug|Any CPU = Debug|Any CPU
		Release|Any CPU = Release|Any CPU
	EndGlobalSection
	GlobalSection(ProjectConfigurationPlatforms) = postSolution
		{B119E079-86A4-4E14-94B7-703B661BD8C2}.Debug|Any CPU.ActiveCfg = Debug|Any CPU
		{B119E079-86A4-4E14-94B7-703B661BD8C2}.Debug|Any CPU.Build.0 = Debug|Any CPU
		{B119E079-86A4-4E14-94B7-703B661BD8C2}.Release|Any CPU.ActiveCfg = Release|Any CPU
		{B119E079-86A4-4E14-94B7-703B661BD8C2}.Release|Any CPU.Build.0 = Release|Any CPU
	EndGlobalSection
	GlobalSection(SolutionProperties) = preSolution
		HideSolutionNode = FALSE
	EndGlobalSection
	GlobalSection(ExtensibilityGlobals) = postSolution
		SolutionGuid = {952EAA4E-0FAB-4E00-BE99-9AE2559E7670}
	EndGlobalSection
EndGlobal
