
Microsoft Visual Studio Solution File, Format Version 12.00
# Visual Studio Version 16
VisualStudioVersion = 16.0.29911.84
MinimumVisualStudioVersion = 10.0.40219.1
Project("{FAE04EC0-301F-11D3-BF4B-00C04F79EFBC}") = "Lampada", "Lampada\Lampada.csproj", "{7A458942-E46E-4DAF-A149-8B146F2D9F97}"
EndProject
Global
	GlobalSection(SolutionConfigurationPlatforms) = preSolution
		Debug|Any CPU = Debug|Any CPU
		Release|Any CPU = Release|Any CPU
	EndGlobalSection
	GlobalSection(ProjectConfigurationPlatforms) = postSolution
		{7A458942-E46E-4DAF-A149-8B146F2D9F97}.Debug|Any CPU.ActiveCfg = Debug|Any CPU
		{7A458942-E46E-4DAF-A149-8B146F2D9F97}.Debug|Any CPU.Build.0 = Debug|Any CPU
		{7A458942-E46E-4DAF-A149-8B146F2D9F97}.Release|Any CPU.ActiveCfg = Release|Any CPU
		{7A458942-E46E-4DAF-A149-8B146F2D9F97}.Release|Any CPU.Build.0 = Release|Any CPU
	EndGlobalSection
	GlobalSection(SolutionProperties) = preSolution
		HideSolutionNode = FALSE
	EndGlobalSection
	GlobalSection(ExtensibilityGlobals) = postSolution
		SolutionGuid = {94BB9222-2040-4E18-BA21-DAE14ADAD22A}
	EndGlobalSection
EndGlobal
