
Microsoft Visual Studio Solution File, Format Version 12.00
# Visual Studio Version 16
VisualStudioVersion = 16.0.29911.84
MinimumVisualStudioVersion = 10.0.40219.1
Project("{FAE04EC0-301F-11D3-BF4B-00C04F79EFBC}") = "AtividadeSlide1", "AtividadeSlide1\AtividadeSlide1.csproj", "{AEEEB854-02B5-4BA0-9359-195DB2C09676}"
EndProject
Global
	GlobalSection(SolutionConfigurationPlatforms) = preSolution
		Debug|Any CPU = Debug|Any CPU
		Release|Any CPU = Release|Any CPU
	EndGlobalSection
	GlobalSection(ProjectConfigurationPlatforms) = postSolution
		{AEEEB854-02B5-4BA0-9359-195DB2C09676}.Debug|Any CPU.ActiveCfg = Debug|Any CPU
		{AEEEB854-02B5-4BA0-9359-195DB2C09676}.Debug|Any CPU.Build.0 = Debug|Any CPU
		{AEEEB854-02B5-4BA0-9359-195DB2C09676}.Release|Any CPU.ActiveCfg = Release|Any CPU
		{AEEEB854-02B5-4BA0-9359-195DB2C09676}.Release|Any CPU.Build.0 = Release|Any CPU
	EndGlobalSection
	GlobalSection(SolutionProperties) = preSolution
		HideSolutionNode = FALSE
	EndGlobalSection
	GlobalSection(ExtensibilityGlobals) = postSolution
		SolutionGuid = {32B293A1-3880-4820-AFD4-8B6F5C4C9E94}
	EndGlobalSection
EndGlobal
